
Microsoft Visual Studio Solution File, Format Version 12.00
# Visual Studio 15
VisualStudioVersion = 15.0.28307.572
MinimumVisualStudioVersion = 10.0.40219.1
Project("{FAE04EC0-301F-11D3-BF4B-00C04F79EFBC}") = "AlguSkaiciuokle2019", "AlguSkaiciuokle2019\AlguSkaiciuokle2019.csproj", "{763AA39C-2C92-4F9E-A46F-E0F28750712E}"
EndProject
Global
	GlobalSection(SolutionConfigurationPlatforms) = preSolution
		Debug|Any CPU = Debug|Any CPU
		Release|Any CPU = Release|Any CPU
	EndGlobalSection
	GlobalSection(ProjectConfigurationPlatforms) = postSolution
		{763AA39C-2C92-4F9E-A46F-E0F28750712E}.Debug|Any CPU.ActiveCfg = Debug|Any CPU
		{763AA39C-2C92-4F9E-A46F-E0F28750712E}.Debug|Any CPU.Build.0 = Debug|Any CPU
		{763AA39C-2C92-4F9E-A46F-E0F28750712E}.Release|Any CPU.ActiveCfg = Release|Any CPU
		{763AA39C-2C92-4F9E-A46F-E0F28750712E}.Release|Any CPU.Build.0 = Release|Any CPU
	EndGlobalSection
	GlobalSection(SolutionProperties) = preSolution
		HideSolutionNode = FALSE
	EndGlobalSection
	GlobalSection(ExtensibilityGlobals) = postSolution
		SolutionGuid = {4EF8FC00-C794-4640-A4DE-E9C62572ADA7}
	EndGlobalSection
EndGlobal
